
Microsoft Visual Studio Solution File, Format Version 12.00
# Visual Studio Version 17
VisualStudioVersion = 17.4.32912.340
MinimumVisualStudioVersion = 10.0.40219.1
Project("{FAE04EC0-301F-11D3-BF4B-00C04F79EFBC}") = "C-Bonus-Game", "C-Bonus-Game.csproj", "{09B4EA39-5B3C-431C-AF9E-0E96B2D5D7A7}"
EndProject
Global
	GlobalSection(SolutionConfigurationPlatforms) = preSolution
		Debug|Any CPU = Debug|Any CPU
		Release|Any CPU = Release|Any CPU
	EndGlobalSection
	GlobalSection(ProjectConfigurationPlatforms) = postSolution
		{09B4EA39-5B3C-431C-AF9E-0E96B2D5D7A7}.Debug|Any CPU.ActiveCfg = Debug|Any CPU
		{09B4EA39-5B3C-431C-AF9E-0E96B2D5D7A7}.Debug|Any CPU.Build.0 = Debug|Any CPU
		{09B4EA39-5B3C-431C-AF9E-0E96B2D5D7A7}.Release|Any CPU.ActiveCfg = Release|Any CPU
		{09B4EA39-5B3C-431C-AF9E-0E96B2D5D7A7}.Release|Any CPU.Build.0 = Release|Any CPU
	EndGlobalSection
	GlobalSection(SolutionProperties) = preSolution
		HideSolutionNode = FALSE
	EndGlobalSection
	GlobalSection(ExtensibilityGlobals) = postSolution
		SolutionGuid = {1CB06059-D74D-40AD-9385-AFEA4B635CAB}
	EndGlobalSection
EndGlobal
